// !$*UTF8*$!
{
	archiveVersion = 1;
	classes = {
	};
	objectVersion = 46;
	objects = {

/* Begin PBXBuildFile section */
		B98BE17D1D4B446400CE57CB /* AppDelegate.swift in Sources */ = {isa = PBXBuildFile; fileRef = B98BE17C1D4B446400CE57CB /* AppDelegate.swift */; };
		B98BE17F1D4B446400CE57CB /* ViewController.swift in Sources */ = {isa = PBXBuildFile; fileRef = B98BE17E1D4B446400CE57CB /* ViewController.swift */; };
		B98BE1821D4B446400CE57CB /* Main.storyboard in Resources */ = {isa = PBXBuildFile; fileRef = B98BE1801D4B446400CE57CB /* Main.storyboard */; };
		B98BE1841D4B446400CE57CB /* Assets.xcassets in Resources */ = {isa = PBXBuildFile; fileRef = B98BE1831D4B446400CE57CB /* Assets.xcassets */; };
		B98BE1871D4B446400CE57CB /* LaunchScreen.storyboard in Resources */ = {isa = PBXBuildFile; fileRef = B98BE1851D4B446400CE57CB /* LaunchScreen.storyboard */; };
		B9E55B381D4EEE8A00D0BD77 /* SecondViewController.swift in Sources */ = {isa = PBXBuildFile; fileRef = B9E55B371D4EEE8A00D0BD77 /* SecondViewController.swift */; };
/* End PBXBuildFile section */

/* Begin PBXFileReference section */
		B98BE1791D4B446400CE57CB /* OnDateApp.app */ = {isa = PBXFileReference; explicitFileType = wrapper.application; includeInIndex = 0; path = OnDateApp.app; sourceTree = BUILT_PRODUCTS_DIR; };
		B98BE17C1D4B446400CE57CB /* AppDelegate.swift */ = {isa = PBXFileReference; lastKnownFileType = sourcecode.swift; path = AppDelegate.swift; sourceTree = "<group>"; };
		B98BE17E1D4B446400CE57CB /* ViewController.swift */ = {isa = PBXFileReference; lastKnownFileType = sourcecode.swift; path = ViewController.swift; sourceTree = "<group>"; };
		B98BE1811D4B446400CE57CB /* Base */ = {isa = PBXFileReference; lastKnownFileType = file.storyboard; name = Base; path = Base.lproj/Main.storyboard; sourceTree = "<group>"; };
		B98BE1831D4B446400CE57CB /* Assets.xcassets */ = {isa = PBXFileReference; lastKnownFileType = folder.assetcatalog; path = Assets.xcassets; sourceTree = "<group>"; };
		B98BE1861D4B446400CE57CB /* Base */ = {isa = PBXFileReference; lastKnownFileType = file.storyboard; name = Base; path = Base.lproj/LaunchScreen.storyboard; sourceTree = "<group>"; };
		B98BE1881D4B446400CE57CB /* Info.plist */ = {isa = PBXFileReference; lastKnownFileType = text.plist.xml; path = Info.plist; sourceTree = "<group>"; };
		B9E55B371D4EEE8A00D0BD77 /* SecondViewController.swift */ = {isa = PBXFileReference; fileEncoding = 4; lastKnownFileType = sourcecode.swift; path = SecondViewController.swift; sourceTree = "<group>"; };
/* End PBXFileReference section */

/* Begin PBXFrameworksBuildPhase section */
		B98BE1761D4B446400CE57CB /* Frameworks */ = {
			isa = PBXFrameworksBuildPhase;
			buildActionMask = 2147483647;
			files = (
			);
			runOnlyForDeploymentPostprocessing = 0;
		};
/* End PBXFrameworksBuildPhase section */

/* Begin PBXGroup section */
		B98BE1701D4B446400CE57CB = {
			isa = PBXGroup;
			children = (
				B98BE17B1D4B446400CE57CB /* OnDateApp */,
				B98BE17A1D4B446400CE57CB /* Products */,
			);
			sourceTree = "<group>";
		};
		B98BE17A1D4B446400CE57CB /* Products */ = {
			isa = PBXGroup;
			children = (
				B98BE1791D4B446400CE57CB /* OnDateApp.app */,
			);
			name = Products;
			sourceTree = "<group>";
		};
		B98BE17B1D4B446400CE57CB /* OnDateApp */ = {
			isa = PBXGroup;
			children = (
				B98BE17C1D4B446400CE57CB /* AppDelegate.swift */,
				B98BE17E1D4B446400CE57CB /* ViewController.swift */,
				B9E55B371D4EEE8A00D0BD77 /* SecondViewController.swift */,
				B98BE1801D4B446400CE57CB /* Main.storyboard */,
				B98BE1831D4B446400CE57CB /* Assets.xcassets */,
				B98BE1851D4B446400CE57CB /* LaunchScreen.storyboard */,
				B98BE1881D4B446400CE57CB /* Info.plist */,
			);
			path = OnDateApp;
			sourceTree = "<group>";
		};
/* End PBXGroup section */

/* Begin PBXNativeTarget section */
		B98BE1781D4B446400CE57CB /* OnDateApp */ = {
			isa = PBXNativeTarget;
			buildConfigurationList = B98BE18B1D4B446400CE57CB /* Build configuration list for PBXNativeTarget "OnDateApp" */;
			buildPhases = (
				B98BE1751D4B446400CE57CB /* Sources */,
				B98BE1761D4B446400CE57CB /* Frameworks */,
				B98BE1771D4B446400CE57CB /* Resources */,
			);
			buildRules = (
			);
			dependencies = (
			);
			name = OnDateApp;
			productName = OnDateApp;
			productReference = B98BE1791D4B446400CE57CB /* OnDateApp.app */;
			productType = "com.apple.product-type.application";
		};
/* End PBXNativeTarget section */

/* Begin PBXProject section */
		B98BE1711D4B446400CE57CB /* Project object */ = {
			isa = PBXProject;
			attributes = {
				LastSwiftUpdateCheck = 0730;
				LastUpgradeCheck = 0730;
				ORGANIZATIONNAME = "Nancy's MacbookPro";
				TargetAttributes = {
					B98BE1781D4B446400CE57CB = {
						CreatedOnToolsVersion = 7.3.1;
						DevelopmentTeam = 4H8C37W246;
					};
				};
			};
			buildConfigurationList = B98BE1741D4B446400CE57CB /* Build configuration list for PBXProject "OnDateApp" */;
			compatibilityVersion = "Xcode 3.2";
			developmentRegion = English;
			hasScannedForEncodings = 0;
			knownRegions = (
				en,
				Base,
			);
			mainGroup = B98BE1701D4B446400CE57CB;
			productRefGroup = B98BE17A1D4B446400CE57CB /* Products */;
			projectDirPath = "";
			projectRoot = "";
			targets = (
				B98BE1781D4B446400CE57CB /* OnDateApp */,
			);
		};
/* End PBXProject section */

/* Begin PBXResourcesBuildPhase section */
		B98BE1771D4B446400CE57CB /* Resources */ = {
			isa = PBXResourcesBuildPhase;
			buildActionMask = 2147483647;
			files = (
				B98BE1871D4B446400CE57CB /* LaunchScreen.storyboard in Resources */,
				B98BE1841D4B446400CE57CB /* Assets.xcassets in Resources */,
				B98BE1821D4B446400CE57CB /* Main.storyboard in Resources */,
			);
			runOnlyForDeploymentPostprocessing = 0;
		};
/* End PBXResourcesBuildPhase section */

/* Begin PBXSourcesBuildPhase section */
		B98BE1751D4B446400CE57CB /* Sources */ = {
			isa = PBXSourcesBuildPhase;
			buildActionMask = 2147483647;
			files = (
				B9E55B381D4EEE8A00D0BD77 /* SecondViewController.swift in Sources */,
				B98BE17F1D4B446400CE57CB /* ViewController.swift in Sources */,
				B98BE17D1D4B446400CE57CB /* AppDelegate.swift in Sources */,
			);
			runOnlyForDeploymentPostprocessing = 0;
		};
/* End PBXSourcesBuildPhase section */

/* Begin PBXVariantGroup section */
		B98BE1801D4B446400CE57CB /* Main.storyboard */ = {
			isa = PBXVariantGroup;
			children = (
				B98BE1811D4B446400CE57CB /* Base */,
			);
			name = Main.storyboard;
			sourceTree = "<group>";
		};
		B98BE1851D4B446400CE57CB /* LaunchScreen.storyboard */ = {
			isa = PBXVariantGroup;
			children = (
				B98BE1861D4B446400CE57CB /* Base */,
			);
			name = LaunchScreen.storyboard;
			sourceTree = "<group>";
		};
/* End PBXVariantGroup section */

/* Begin XCBuildConfiguration section */
		B98BE1891D4B446400CE57CB /* Debug */ = {
			isa = XCBuildConfiguration;
			buildSettings = {
				ALWAYS_SEARCH_USER_PATHS = NO;
				CLANG_ANALYZER_NONNULL = YES;
				CLANG_CXX_LANGUAGE_STANDARD = "gnu++0x";
				CLANG_CXX_LIBRARY = "libc++";
				CLANG_ENABLE_MODULES = YES;
				CLANG_ENABLE_OBJC_ARC = YES;
				CLANG_WARN_BOOL_CONVERSION = YES;
				CLANG_WARN_CONSTANT_CONVERSION = YES;
				CLANG_WARN_DIRECT_OBJC_ISA_USAGE = YES_ERROR;
				CLANG_WARN_EMPTY_BODY = YES;
				CLANG_WARN_ENUM_CONVERSION = YES;
				CLANG_WARN_INT_CONVERSION = YES;
				CLANG_WARN_OBJC_ROOT_CLASS = YES_ERROR;
				CLANG_WARN_UNREACHABLE_CODE = YES;
				CLANG_WARN__DUPLICATE_METHOD_MATCH = YES;
				"CODE_SIGN_IDENTITY[sdk=iphoneos*]" = "iPhone Developer";
				COPY_PHASE_STRIP = NO;
				DEBUG_INFORMATION_FORMAT = dwarf;
				ENABLE_STRICT_OBJC_MSGSEND = YES;
				ENABLE_TESTABILITY = YES;
				GCC_C_LANGUAGE_STANDARD = gnu99;
				GCC_DYNAMIC_NO_PIC = NO;
				GCC_NO_COMMON_BLOCKS = YES;
				GCC_OPTIMIZATION_LEVEL = 0;
				GCC_PREPROCESSOR_DEFINITIONS = (
					"DEBUG=1",
					"$(inherited)",
				);
				GCC_WARN_64_TO_32_BIT_CONVERSION = YES;
				GCC_WARN_ABOUT_RETURN_TYPE = YES_ERROR;
				GCC_WARN_UNDECLARED_SELECTOR = YES;
				GCC_WARN_UNINITIALIZED_AUTOS = YES_AGGRESSIVE;
				GCC_WARN_UNUSED_FUNCTION = YES;
				GCC_WARN_UNUSED_VARIABLE = YES;
				IPHONEOS_DEPLOYMENT_TARGET = 9.3;
				MTL_ENABLE_DEBUG_INFO = YES;
				ONLY_ACTIVE_ARCH = YES;
				SDKROOT = iphoneos;
				SWIFT_OPTIMIZATION_LEVEL = "-Onone";
			};
			name = Debug;
		};
		B98BE18A1D4B446400CE57CB /* Release */ = {
			isa = XCBuildConfiguration;
			buildSettings = {
				ALWAYS_SEARCH_USER_PATHS = NO;
				CLANG_ANALYZER_NONNULL = YES;
				CLANG_CXX_LANGUAGE_STANDARD = "gnu++0x";
				CLANG_CXX_LIBRARY = "libc++";
				CLANG_ENABLE_MODULES = YES;
				CLANG_ENABLE_OBJC_ARC = YES;
				CLANG_WARN_BOOL_CONVERSION = YES;
				CLANG_WARN_CONSTANT_CONVERSION = YES;
				CLANG_WARN_DIRECT_OBJC_ISA_USAGE = YES_ERROR;
				CLANG_WARN_EMPTY_BODY = YES;
				CLANG_WARN_ENUM_CONVERSION = YES;
				CLANG_WARN_INT_CONVERSION = YES;
				CLANG_WARN_OBJC_ROOT_CLASS = YES_ERROR;
				CLANG_WARN_UNREACHABLE_CODE = YES;
				CLANG_WARN__DUPLICATE_METHOD_MATCH = YES;
				"CODE_SIGN_IDENTITY[sdk=iphoneos*]" = "iPhone Developer";
				COPY_PHASE_STRIP = NO;
				DEBUG_INFORMATION_FORMAT = "dwarf-with-dsym";
				ENABLE_NS_ASSERTIONS = NO;
				ENABLE_STRICT_OBJC_MSGSEND = YES;
				GCC_C_LANGUAGE_STANDARD = gnu99;
				GCC_NO_COMMON_BLOCKS = YES;
				GCC_WARN_64_TO_32_BIT_CONVERSION = YES;
				GCC_WARN_ABOUT_RETURN_TYPE = YES_ERROR;
				GCC_WARN_UNDECLARED_SELECTOR = YES;
				GCC_WARN_UNINITIALIZED_AUTOS = YES_AGGRESSIVE;
				GCC_WARN_UNUSED_FUNCTION = YES;
				GCC_WARN_UNUSED_VARIABLE = YES;
				IPHONEOS_DEPLOYMENT_TARGET = 9.3;
				MTL_ENABLE_DEBUG_INFO = NO;
				SDKROOT = iphoneos;
				VALIDATE_PRODUCT = YES;
			};
			name = Release;
		};
		B98BE18C1D4B446400CE57CB /* Debug */ = {
			isa = XCBuildConfiguration;
			buildSettings = {
				ASSETCATALOG_COMPILER_APPICON_NAME = AppIcon;
				INFOPLIST_FILE = OnDateApp/Info.plist;
				LD_RUNPATH_SEARCH_PATHS = "$(inherited) @executable_path/Frameworks";
				PRODUCT_BUNDLE_IDENTIFIER = com.nancy.OnDateApp;
				PRODUCT_NAME = "$(TARGET_NAME)";
			};
			name = Debug;
		};
		B98BE18D1D4B446400CE57CB /* Release */ = {
			isa = XCBuildConfiguration;
			buildSettings = {
				ASSETCATALOG_COMPILER_APPICON_NAME = AppIcon;
				INFOPLIST_FILE = OnDateApp/Info.plist;
				LD_RUNPATH_SEARCH_PATHS = "$(inherited) @executable_path/Frameworks";
				PRODUCT_BUNDLE_IDENTIFIER = com.nancy.OnDateApp;
				PRODUCT_NAME = "$(TARGET_NAME)";
			};
			name = Release;
		};
/* End XCBuildConfiguration section */

/* Begin XCConfigurationList section */
		B98BE1741D4B446400CE57CB /* Build configuration list for PBXProject "OnDateApp" */ = {
			isa = XCConfigurationList;
			buildConfigurations = (
				B98BE1891D4B446400CE57CB /* Debug */,
				B98BE18A1D4B446400CE57CB /* Release */,
			);
			defaultConfigurationIsVisible = 0;
			defaultConfigurationName = Release;
		};
		B98BE18B1D4B446400CE57CB /* Build configuration list for PBXNativeTarget "OnDateApp" */ = {
			isa = XCConfigurationList;
			buildConfigurations = (
				B98BE18C1D4B446400CE57CB /* Debug */,
				B98BE18D1D4B446400CE57CB /* Release */,
			);
			defaultConfigurationIsVisible = 0;
			defaultConfigurationName = Release;
		};
/* End XCConfigurationList section */
	};
	rootObject = B98BE1711D4B446400CE57CB /* Project object */;
}
